
Microsoft Visual Studio Solution File, Format Version 12.00
# Visual Studio Version 17
VisualStudioVersion = 17.12.35527.113
MinimumVisualStudioVersion = 10.0.40219.1
Project("{FAE04EC0-301F-11D3-BF4B-00C04F79EFBC}") = "SetWhen.Domain", "SetWhen.Domain\SetWhen.Domain.csproj", "{DA0AEACC-11EF-4C49-8206-718F80462900}"
EndProject
Project("{FAE04EC0-301F-11D3-BF4B-00C04F79EFBC}") = "SetWhen.Application", "SetWhen.Application\SetWhen.Application.csproj", "{4C8F5EC0-5B26-4BEA-AE6E-71DC46E65518}"
EndProject
Project("{FAE04EC0-301F-11D3-BF4B-00C04F79EFBC}") = "SetWhen.Infrastructure", "SetWhen.Infrastructure\SetWhen.Infrastructure.csproj", "{BEB65F5F-79BE-438E-A64E-54A5FF161649}"
EndProject
Project("{FAE04EC0-301F-11D3-BF4B-00C04F79EFBC}") = "SetWhen.Api", "SetWhen.Api\SetWhen.Api.csproj", "{AB3606C0-6575-4842-BCEF-09D2E7717816}"
EndProject
Project("{FAE04EC0-301F-11D3-BF4B-00C04F79EFBC}") = "SetWhen.Domain.Tests", "SetWhen.Domain.Tests\SetWhen.Domain.Tests.csproj", "{EA8FB4A3-4E2D-4ECA-B9A3-47B1FA164EBF}"
EndProject
Project("{FAE04EC0-301F-11D3-BF4B-00C04F79EFBC}") = "SetWhen.Application.Tests", "SetWhen.Application.Tests\SetWhen.Application.Tests.csproj", "{51190FE7-AAC0-4A21-88CF-F595EAAA483A}"
EndProject
Project("{FAE04EC0-301F-11D3-BF4B-00C04F79EFBC}") = "SetWhen.Infrastructure.Tests", "SetWhen.Infrastructure.Tests\SetWhen.Infrastructure.Tests.csproj", "{3496C261-D9A0-4746-AE6F-B12C6DA0B55E}"
EndProject
Project("{FAE04EC0-301F-11D3-BF4B-00C04F79EFBC}") = "SetWhen.Api.Tests", "SetWhen.Api.Tests\SetWhen.Api.Tests.csproj", "{67FCC935-0593-4C43-B0A0-048E4D5A054E}"
EndProject
Project("{2150E333-8FDC-42A3-9474-1A3956D46DE8}") = "Tests", "Tests", "{04C70FBE-86E8-4A13-AC29-615B6BAA8C99}"
EndProject
Global
	GlobalSection(SolutionConfigurationPlatforms) = preSolution
		Debug|Any CPU = Debug|Any CPU
		Release|Any CPU = Release|Any CPU
	EndGlobalSection
	GlobalSection(ProjectConfigurationPlatforms) = postSolution
		{DA0AEACC-11EF-4C49-8206-718F80462900}.Debug|Any CPU.ActiveCfg = Debug|Any CPU
		{DA0AEACC-11EF-4C49-8206-718F80462900}.Debug|Any CPU.Build.0 = Debug|Any CPU
		{DA0AEACC-11EF-4C49-8206-718F80462900}.Release|Any CPU.ActiveCfg = Release|Any CPU
		{DA0AEACC-11EF-4C49-8206-718F80462900}.Release|Any CPU.Build.0 = Release|Any CPU
		{4C8F5EC0-5B26-4BEA-AE6E-71DC46E65518}.Debug|Any CPU.ActiveCfg = Debug|Any CPU
		{4C8F5EC0-5B26-4BEA-AE6E-71DC46E65518}.Debug|Any CPU.Build.0 = Debug|Any CPU
		{4C8F5EC0-5B26-4BEA-AE6E-71DC46E65518}.Release|Any CPU.ActiveCfg = Release|Any CPU
		{4C8F5EC0-5B26-4BEA-AE6E-71DC46E65518}.Release|Any CPU.Build.0 = Release|Any CPU
		{BEB65F5F-79BE-438E-A64E-54A5FF161649}.Debug|Any CPU.ActiveCfg = Debug|Any CPU
		{BEB65F5F-79BE-438E-A64E-54A5FF161649}.Debug|Any CPU.Build.0 = Debug|Any CPU
		{BEB65F5F-79BE-438E-A64E-54A5FF161649}.Release|Any CPU.ActiveCfg = Release|Any CPU
		{BEB65F5F-79BE-438E-A64E-54A5FF161649}.Release|Any CPU.Build.0 = Release|Any CPU
		{AB3606C0-6575-4842-BCEF-09D2E7717816}.Debug|Any CPU.ActiveCfg = Debug|Any CPU
		{AB3606C0-6575-4842-BCEF-09D2E7717816}.Debug|Any CPU.Build.0 = Debug|Any CPU
		{AB3606C0-6575-4842-BCEF-09D2E7717816}.Release|Any CPU.ActiveCfg = Release|Any CPU
		{AB3606C0-6575-4842-BCEF-09D2E7717816}.Release|Any CPU.Build.0 = Release|Any CPU
		{EA8FB4A3-4E2D-4ECA-B9A3-47B1FA164EBF}.Debug|Any CPU.ActiveCfg = Debug|Any CPU
		{EA8FB4A3-4E2D-4ECA-B9A3-47B1FA164EBF}.Debug|Any CPU.Build.0 = Debug|Any CPU
		{EA8FB4A3-4E2D-4ECA-B9A3-47B1FA164EBF}.Release|Any CPU.ActiveCfg = Release|Any CPU
		{EA8FB4A3-4E2D-4ECA-B9A3-47B1FA164EBF}.Release|Any CPU.Build.0 = Release|Any CPU
		{51190FE7-AAC0-4A21-88CF-F595EAAA483A}.Debug|Any CPU.ActiveCfg = Debug|Any CPU
		{51190FE7-AAC0-4A21-88CF-F595EAAA483A}.Debug|Any CPU.Build.0 = Debug|Any CPU
		{51190FE7-AAC0-4A21-88CF-F595EAAA483A}.Release|Any CPU.ActiveCfg = Release|Any CPU
		{51190FE7-AAC0-4A21-88CF-F595EAAA483A}.Release|Any CPU.Build.0 = Release|Any CPU
		{3496C261-D9A0-4746-AE6F-B12C6DA0B55E}.Debug|Any CPU.ActiveCfg = Debug|Any CPU
		{3496C261-D9A0-4746-AE6F-B12C6DA0B55E}.Debug|Any CPU.Build.0 = Debug|Any CPU
		{3496C261-D9A0-4746-AE6F-B12C6DA0B55E}.Release|Any CPU.ActiveCfg = Release|Any CPU
		{3496C261-D9A0-4746-AE6F-B12C6DA0B55E}.Release|Any CPU.Build.0 = Release|Any CPU
		{67FCC935-0593-4C43-B0A0-048E4D5A054E}.Debug|Any CPU.ActiveCfg = Debug|Any CPU
		{67FCC935-0593-4C43-B0A0-048E4D5A054E}.Debug|Any CPU.Build.0 = Debug|Any CPU
		{67FCC935-0593-4C43-B0A0-048E4D5A054E}.Release|Any CPU.ActiveCfg = Release|Any CPU
		{67FCC935-0593-4C43-B0A0-048E4D5A054E}.Release|Any CPU.Build.0 = Release|Any CPU
	EndGlobalSection
	GlobalSection(SolutionProperties) = preSolution
		HideSolutionNode = FALSE
	EndGlobalSection
	GlobalSection(NestedProjects) = preSolution
		{EA8FB4A3-4E2D-4ECA-B9A3-47B1FA164EBF} = {04C70FBE-86E8-4A13-AC29-615B6BAA8C99}
		{51190FE7-AAC0-4A21-88CF-F595EAAA483A} = {04C70FBE-86E8-4A13-AC29-615B6BAA8C99}
		{3496C261-D9A0-4746-AE6F-B12C6DA0B55E} = {04C70FBE-86E8-4A13-AC29-615B6BAA8C99}
		{67FCC935-0593-4C43-B0A0-048E4D5A054E} = {04C70FBE-86E8-4A13-AC29-615B6BAA8C99}
	EndGlobalSection
EndGlobal
